// !$*UTF8*$!
{
	archiveVersion = 1;
	classes = {
	};
	objectVersion = 46;
	objects = {

/* Begin PBXBuildFile section */
		92F6D8761A7CA52600DB0163 /* main.m in Sources */ = {isa = PBXBuildFile; fileRef = 92F6D8751A7CA52600DB0163 /* main.m */; };
		92F6D8791A7CA52600DB0163 /* AppDelegate.m in Sources */ = {isa = PBXBuildFile; fileRef = 92F6D8781A7CA52600DB0163 /* AppDelegate.m */; };
		92F6D87C1A7CA52600DB0163 /* GameScene.m in Sources */ = {isa = PBXBuildFile; fileRef = 92F6D87B1A7CA52600DB0163 /* GameScene.m */; };
		92F6D87E1A7CA52600DB0163 /* GameScene.sks in Resources */ = {isa = PBXBuildFile; fileRef = 92F6D87D1A7CA52600DB0163 /* GameScene.sks */; };
		92F6D8811A7CA52600DB0163 /* GameViewController.m in Sources */ = {isa = PBXBuildFile; fileRef = 92F6D8801A7CA52600DB0163 /* GameViewController.m */; };
		92F6D8841A7CA52600DB0163 /* Main.storyboard in Resources */ = {isa = PBXBuildFile; fileRef = 92F6D8821A7CA52600DB0163 /* Main.storyboard */; };
		92F6D8861A7CA52600DB0163 /* Images.xcassets in Resources */ = {isa = PBXBuildFile; fileRef = 92F6D8851A7CA52600DB0163 /* Images.xcassets */; };
		92F6D8891A7CA52600DB0163 /* LaunchScreen.xib in Resources */ = {isa = PBXBuildFile; fileRef = 92F6D8871A7CA52600DB0163 /* LaunchScreen.xib */; };
		92F6D8951A7CA52600DB0163 /* ZappTests.m in Sources */ = {isa = PBXBuildFile; fileRef = 92F6D8941A7CA52600DB0163 /* ZappTests.m */; };
/* End PBXBuildFile section */

/* Begin PBXContainerItemProxy section */
		92F6D88F1A7CA52600DB0163 /* PBXContainerItemProxy */ = {
			isa = PBXContainerItemProxy;
			containerPortal = 92F6D8681A7CA52500DB0163 /* Project object */;
			proxyType = 1;
			remoteGlobalIDString = 92F6D86F1A7CA52600DB0163;
			remoteInfo = Zapp;
		};
/* End PBXContainerItemProxy section */

/* Begin PBXFileReference section */
		92F6D8701A7CA52600DB0163 /* Zapp.app */ = {isa = PBXFileReference; explicitFileType = wrapper.application; includeInIndex = 0; path = Zapp.app; sourceTree = BUILT_PRODUCTS_DIR; };
		92F6D8741A7CA52600DB0163 /* Info.plist */ = {isa = PBXFileReference; lastKnownFileType = text.plist.xml; path = Info.plist; sourceTree = "<group>"; };
		92F6D8751A7CA52600DB0163 /* main.m */ = {isa = PBXFileReference; lastKnownFileType = sourcecode.c.objc; path = main.m; sourceTree = "<group>"; };
		92F6D8771A7CA52600DB0163 /* AppDelegate.h */ = {isa = PBXFileReference; lastKnownFileType = sourcecode.c.h; path = AppDelegate.h; sourceTree = "<group>"; };
		92F6D8781A7CA52600DB0163 /* AppDelegate.m */ = {isa = PBXFileReference; lastKnownFileType = sourcecode.c.objc; path = AppDelegate.m; sourceTree = "<group>"; };
		92F6D87A1A7CA52600DB0163 /* GameScene.h */ = {isa = PBXFileReference; lastKnownFileType = sourcecode.c.h; path = GameScene.h; sourceTree = "<group>"; };
		92F6D87B1A7CA52600DB0163 /* GameScene.m */ = {isa = PBXFileReference; lastKnownFileType = sourcecode.c.objc; path = GameScene.m; sourceTree = "<group>"; };
		92F6D87D1A7CA52600DB0163 /* GameScene.sks */ = {isa = PBXFileReference; lastKnownFileType = file.sks; path = GameScene.sks; sourceTree = "<group>"; };
		92F6D87F1A7CA52600DB0163 /* GameViewController.h */ = {isa = PBXFileReference; lastKnownFileType = sourcecode.c.h; path = GameViewController.h; sourceTree = "<group>"; };
		92F6D8801A7CA52600DB0163 /* GameViewController.m */ = {isa = PBXFileReference; lastKnownFileType = sourcecode.c.objc; path = GameViewController.m; sourceTree = "<group>"; };
		92F6D8831A7CA52600DB0163 /* Base */ = {isa = PBXFileReference; lastKnownFileType = file.storyboard; name = Base; path = Base.lproj/Main.storyboard; sourceTree = "<group>"; };
		92F6D8851A7CA52600DB0163 /* Images.xcassets */ = {isa = PBXFileReference; lastKnownFileType = folder.assetcatalog; path = Images.xcassets; sourceTree = "<group>"; };
		92F6D8881A7CA52600DB0163 /* Base */ = {isa = PBXFileReference; lastKnownFileType = file.xib; name = Base; path = Base.lproj/LaunchScreen.xib; sourceTree = "<group>"; };
		92F6D88E1A7CA52600DB0163 /* ZappTests.xctest */ = {isa = PBXFileReference; explicitFileType = wrapper.cfbundle; includeInIndex = 0; path = ZappTests.xctest; sourceTree = BUILT_PRODUCTS_DIR; };
		92F6D8931A7CA52600DB0163 /* Info.plist */ = {isa = PBXFileReference; lastKnownFileType = text.plist.xml; path = Info.plist; sourceTree = "<group>"; };
		92F6D8941A7CA52600DB0163 /* ZappTests.m */ = {isa = PBXFileReference; lastKnownFileType = sourcecode.c.objc; path = ZappTests.m; sourceTree = "<group>"; };
/* End PBXFileReference section */

/* Begin PBXFrameworksBuildPhase section */
		92F6D86D1A7CA52600DB0163 /* Frameworks */ = {
			isa = PBXFrameworksBuildPhase;
			buildActionMask = 2147483647;
			files = (
			);
			runOnlyForDeploymentPostprocessing = 0;
		};
		92F6D88B1A7CA52600DB0163 /* Frameworks */ = {
			isa = PBXFrameworksBuildPhase;
			buildActionMask = 2147483647;
			files = (
			);
			runOnlyForDeploymentPostprocessing = 0;
		};
/* End PBXFrameworksBuildPhase section */

/* Begin PBXGroup section */
		92F6D8671A7CA52500DB0163 = {
			isa = PBXGroup;
			children = (
				92F6D8721A7CA52600DB0163 /* Zapp */,
				92F6D8911A7CA52600DB0163 /* ZappTests */,
				92F6D8711A7CA52600DB0163 /* Products */,
			);
			sourceTree = "<group>";
		};
		92F6D8711A7CA52600DB0163 /* Products */ = {
			isa = PBXGroup;
			children = (
				92F6D8701A7CA52600DB0163 /* Zapp.app */,
				92F6D88E1A7CA52600DB0163 /* ZappTests.xctest */,
			);
			name = Products;
			sourceTree = "<group>";
		};
		92F6D8721A7CA52600DB0163 /* Zapp */ = {
			isa = PBXGroup;
			children = (
				92F6D8771A7CA52600DB0163 /* AppDelegate.h */,
				92F6D8781A7CA52600DB0163 /* AppDelegate.m */,
				92F6D87A1A7CA52600DB0163 /* GameScene.h */,
				92F6D87B1A7CA52600DB0163 /* GameScene.m */,
				92F6D87D1A7CA52600DB0163 /* GameScene.sks */,
				92F6D87F1A7CA52600DB0163 /* GameViewController.h */,
				92F6D8801A7CA52600DB0163 /* GameViewController.m */,
				92F6D8821A7CA52600DB0163 /* Main.storyboard */,
				92F6D8851A7CA52600DB0163 /* Images.xcassets */,
				92F6D8871A7CA52600DB0163 /* LaunchScreen.xib */,
				92F6D8731A7CA52600DB0163 /* Supporting Files */,
			);
			path = Zapp;
			sourceTree = "<group>";
		};
		92F6D8731A7CA52600DB0163 /* Supporting Files */ = {
			isa = PBXGroup;
			children = (
				92F6D8741A7CA52600DB0163 /* Info.plist */,
				92F6D8751A7CA52600DB0163 /* main.m */,
			);
			name = "Supporting Files";
			sourceTree = "<group>";
		};
		92F6D8911A7CA52600DB0163 /* ZappTests */ = {
			isa = PBXGroup;
			children = (
				92F6D8941A7CA52600DB0163 /* ZappTests.m */,
				92F6D8921A7CA52600DB0163 /* Supporting Files */,
			);
			path = ZappTests;
			sourceTree = "<group>";
		};
		92F6D8921A7CA52600DB0163 /* Supporting Files */ = {
			isa = PBXGroup;
			children = (
				92F6D8931A7CA52600DB0163 /* Info.plist */,
			);
			name = "Supporting Files";
			sourceTree = "<group>";
		};
/* End PBXGroup section */

/* Begin PBXNativeTarget section */
		92F6D86F1A7CA52600DB0163 /* Zapp */ = {
			isa = PBXNativeTarget;
			buildConfigurationList = 92F6D8981A7CA52600DB0163 /* Build configuration list for PBXNativeTarget "Zapp" */;
			buildPhases = (
				92F6D86C1A7CA52600DB0163 /* Sources */,
				92F6D86D1A7CA52600DB0163 /* Frameworks */,
				92F6D86E1A7CA52600DB0163 /* Resources */,
			);
			buildRules = (
			);
			dependencies = (
			);
			name = Zapp;
			productName = Zapp;
			productReference = 92F6D8701A7CA52600DB0163 /* Zapp.app */;
			productType = "com.apple.product-type.application";
		};
		92F6D88D1A7CA52600DB0163 /* ZappTests */ = {
			isa = PBXNativeTarget;
			buildConfigurationList = 92F6D89B1A7CA52600DB0163 /* Build configuration list for PBXNativeTarget "ZappTests" */;
			buildPhases = (
				92F6D88A1A7CA52600DB0163 /* Sources */,
				92F6D88B1A7CA52600DB0163 /* Frameworks */,
				92F6D88C1A7CA52600DB0163 /* Resources */,
			);
			buildRules = (
			);
			dependencies = (
				92F6D8901A7CA52600DB0163 /* PBXTargetDependency */,
			);
			name = ZappTests;
			productName = ZappTests;
			productReference = 92F6D88E1A7CA52600DB0163 /* ZappTests.xctest */;
			productType = "com.apple.product-type.bundle.unit-test";
		};
/* End PBXNativeTarget section */

/* Begin PBXProject section */
		92F6D8681A7CA52500DB0163 /* Project object */ = {
			isa = PBXProject;
			attributes = {
				LastUpgradeCheck = 0610;
				ORGANIZATIONNAME = "36 Hours Later";
				TargetAttributes = {
					92F6D86F1A7CA52600DB0163 = {
						CreatedOnToolsVersion = 6.1.1;
					};
					92F6D88D1A7CA52600DB0163 = {
						CreatedOnToolsVersion = 6.1.1;
						TestTargetID = 92F6D86F1A7CA52600DB0163;
					};
				};
			};
			buildConfigurationList = 92F6D86B1A7CA52500DB0163 /* Build configuration list for PBXProject "Zapp" */;
			compatibilityVersion = "Xcode 3.2";
			developmentRegion = English;
			hasScannedForEncodings = 0;
			knownRegions = (
				en,
				Base,
			);
			mainGroup = 92F6D8671A7CA52500DB0163;
			productRefGroup = 92F6D8711A7CA52600DB0163 /* Products */;
			projectDirPath = "";
			projectRoot = "";
			targets = (
				92F6D86F1A7CA52600DB0163 /* Zapp */,
				92F6D88D1A7CA52600DB0163 /* ZappTests */,
			);
		};
/* End PBXProject section */

/* Begin PBXResourcesBuildPhase section */
		92F6D86E1A7CA52600DB0163 /* Resources */ = {
			isa = PBXResourcesBuildPhase;
			buildActionMask = 2147483647;
			files = (
				92F6D8891A7CA52600DB0163 /* LaunchScreen.xib in Resources */,
				92F6D8861A7CA52600DB0163 /* Images.xcassets in Resources */,
				92F6D87E1A7CA52600DB0163 /* GameScene.sks in Resources */,
				92F6D8841A7CA52600DB0163 /* Main.storyboard in Resources */,
			);
			runOnlyForDeploymentPostprocessing = 0;
		};
		92F6D88C1A7CA52600DB0163 /* Resources */ = {
			isa = PBXResourcesBuildPhase;
			buildActionMask = 2147483647;
			files = (
			);
			runOnlyForDeploymentPostprocessing = 0;
		};
/* End PBXResourcesBuildPhase section */

/* Begin PBXSourcesBuildPhase section */
		92F6D86C1A7CA52600DB0163 /* Sources */ = {
			isa = PBXSourcesBuildPhase;
			buildActionMask = 2147483647;
			files = (
				92F6D8811A7CA52600DB0163 /* GameViewController.m in Sources */,
				92F6D8791A7CA52600DB0163 /* AppDelegate.m in Sources */,
				92F6D87C1A7CA52600DB0163 /* GameScene.m in Sources */,
				92F6D8761A7CA52600DB0163 /* main.m in Sources */,
			);
			runOnlyForDeploymentPostprocessing = 0;
		};
		92F6D88A1A7CA52600DB0163 /* Sources */ = {
			isa = PBXSourcesBuildPhase;
			buildActionMask = 2147483647;
			files = (
				92F6D8951A7CA52600DB0163 /* ZappTests.m in Sources */,
			);
			runOnlyForDeploymentPostprocessing = 0;
		};
/* End PBXSourcesBuildPhase section */

/* Begin PBXTargetDependency section */
		92F6D8901A7CA52600DB0163 /* PBXTargetDependency */ = {
			isa = PBXTargetDependency;
			target = 92F6D86F1A7CA52600DB0163 /* Zapp */;
			targetProxy = 92F6D88F1A7CA52600DB0163 /* PBXContainerItemProxy */;
		};
/* End PBXTargetDependency section */

/* Begin PBXVariantGroup section */
		92F6D8821A7CA52600DB0163 /* Main.storyboard */ = {
			isa = PBXVariantGroup;
			children = (
				92F6D8831A7CA52600DB0163 /* Base */,
			);
			name = Main.storyboard;
			sourceTree = "<group>";
		};
		92F6D8871A7CA52600DB0163 /* LaunchScreen.xib */ = {
			isa = PBXVariantGroup;
			children = (
				92F6D8881A7CA52600DB0163 /* Base */,
			);
			name = LaunchScreen.xib;
			sourceTree = "<group>";
		};
/* End PBXVariantGroup section */

/* Begin XCBuildConfiguration section */
		92F6D8961A7CA52600DB0163 /* Debug */ = {
			isa = XCBuildConfiguration;
			buildSettings = {
				ALWAYS_SEARCH_USER_PATHS = NO;
				CLANG_CXX_LANGUAGE_STANDARD = "gnu++0x";
				CLANG_CXX_LIBRARY = "libc++";
				CLANG_ENABLE_MODULES = YES;
				CLANG_ENABLE_OBJC_ARC = YES;
				CLANG_WARN_BOOL_CONVERSION = YES;
				CLANG_WARN_CONSTANT_CONVERSION = YES;
				CLANG_WARN_DIRECT_OBJC_ISA_USAGE = YES_ERROR;
				CLANG_WARN_EMPTY_BODY = YES;
				CLANG_WARN_ENUM_CONVERSION = YES;
				CLANG_WARN_INT_CONVERSION = YES;
				CLANG_WARN_OBJC_ROOT_CLASS = YES_ERROR;
				CLANG_WARN_UNREACHABLE_CODE = YES;
				CLANG_WARN__DUPLICATE_METHOD_MATCH = YES;
				"CODE_SIGN_IDENTITY[sdk=iphoneos*]" = "iPhone Developer";
				COPY_PHASE_STRIP = NO;
				ENABLE_STRICT_OBJC_MSGSEND = YES;
				GCC_C_LANGUAGE_STANDARD = gnu99;
				GCC_DYNAMIC_NO_PIC = NO;
				GCC_OPTIMIZATION_LEVEL = 0;
				GCC_PREPROCESSOR_DEFINITIONS = (
					"DEBUG=1",
					"$(inherited)",
				);
				GCC_SYMBOLS_PRIVATE_EXTERN = NO;
				GCC_WARN_64_TO_32_BIT_CONVERSION = YES;
				GCC_WARN_ABOUT_RETURN_TYPE = YES_ERROR;
				GCC_WARN_UNDECLARED_SELECTOR = YES;
				GCC_WARN_UNINITIALIZED_AUTOS = YES_AGGRESSIVE;
				GCC_WARN_UNUSED_FUNCTION = YES;
				GCC_WARN_UNUSED_VARIABLE = YES;
				IPHONEOS_DEPLOYMENT_TARGET = 8.1;
				MTL_ENABLE_DEBUG_INFO = YES;
				ONLY_ACTIVE_ARCH = YES;
				SDKROOT = iphoneos;
				TARGETED_DEVICE_FAMILY = "1,2";
			};
			name = Debug;
		};
		92F6D8971A7CA52600DB0163 /* Release */ = {
			isa = XCBuildConfiguration;
			buildSettings = {
				ALWAYS_SEARCH_USER_PATHS = NO;
				CLANG_CXX_LANGUAGE_STANDARD = "gnu++0x";
				CLANG_CXX_LIBRARY = "libc++";
				CLANG_ENABLE_MODULES = YES;
				CLANG_ENABLE_OBJC_ARC = YES;
				CLANG_WARN_BOOL_CONVERSION = YES;
				CLANG_WARN_CONSTANT_CONVERSION = YES;
				CLANG_WARN_DIRECT_OBJC_ISA_USAGE = YES_ERROR;
				CLANG_WARN_EMPTY_BODY = YES;
				CLANG_WARN_ENUM_CONVERSION = YES;
				CLANG_WARN_INT_CONVERSION = YES;
				CLANG_WARN_OBJC_ROOT_CLASS = YES_ERROR;
				CLANG_WARN_UNREACHABLE_CODE = YES;
				CLANG_WARN__DUPLICATE_METHOD_MATCH = YES;
				"CODE_SIGN_IDENTITY[sdk=iphoneos*]" = "iPhone Developer";
				COPY_PHASE_STRIP = YES;
				ENABLE_NS_ASSERTIONS = NO;
				ENABLE_STRICT_OBJC_MSGSEND = YES;
				GCC_C_LANGUAGE_STANDARD = gnu99;
				GCC_WARN_64_TO_32_BIT_CONVERSION = YES;
				GCC_WARN_ABOUT_RETURN_TYPE = YES_ERROR;
				GCC_WARN_UNDECLARED_SELECTOR = YES;
				GCC_WARN_UNINITIALIZED_AUTOS = YES_AGGRESSIVE;
				GCC_WARN_UNUSED_FUNCTION = YES;
				GCC_WARN_UNUSED_VARIABLE = YES;
				IPHONEOS_DEPLOYMENT_TARGET = 8.1;
				MTL_ENABLE_DEBUG_INFO = NO;
				SDKROOT = iphoneos;
				TARGETED_DEVICE_FAMILY = "1,2";
				VALIDATE_PRODUCT = YES;
			};
			name = Release;
		};
		92F6D8991A7CA52600DB0163 /* Debug */ = {
			isa = XCBuildConfiguration;
			buildSettings = {
				ASSETCATALOG_COMPILER_APPICON_NAME = AppIcon;
				INFOPLIST_FILE = Zapp/Info.plist;
				LD_RUNPATH_SEARCH_PATHS = "$(inherited) @executable_path/Frameworks";
				PRODUCT_NAME = "$(TARGET_NAME)";
			};
			name = Debug;
		};
		92F6D89A1A7CA52600DB0163 /* Release */ = {
			isa = XCBuildConfiguration;
			buildSettings = {
				ASSETCATALOG_COMPILER_APPICON_NAME = AppIcon;
				INFOPLIST_FILE = Zapp/Info.plist;
				LD_RUNPATH_SEARCH_PATHS = "$(inherited) @executable_path/Frameworks";
				PRODUCT_NAME = "$(TARGET_NAME)";
			};
			name = Release;
		};
		92F6D89C1A7CA52600DB0163 /* Debug */ = {
			isa = XCBuildConfiguration;
			buildSettings = {
				BUNDLE_LOADER = "$(TEST_HOST)";
				FRAMEWORK_SEARCH_PATHS = (
					"$(SDKROOT)/Developer/Library/Frameworks",
					"$(inherited)",
				);
				GCC_PREPROCESSOR_DEFINITIONS = (
					"DEBUG=1",
					"$(inherited)",
				);
				INFOPLIST_FILE = ZappTests/Info.plist;
				LD_RUNPATH_SEARCH_PATHS = "$(inherited) @executable_path/Frameworks @loader_path/Frameworks";
				PRODUCT_NAME = "$(TARGET_NAME)";
				TEST_HOST = "$(BUILT_PRODUCTS_DIR)/Zapp.app/Zapp";
			};
			name = Debug;
		};
		92F6D89D1A7CA52600DB0163 /* Release */ = {
			isa = XCBuildConfiguration;
			buildSettings = {
				BUNDLE_LOADER = "$(TEST_HOST)";
				FRAMEWORK_SEARCH_PATHS = (
					"$(SDKROOT)/Developer/Library/Frameworks",
					"$(inherited)",
				);
				INFOPLIST_FILE = ZappTests/Info.plist;
				LD_RUNPATH_SEARCH_PATHS = "$(inherited) @executable_path/Frameworks @loader_path/Frameworks";
				PRODUCT_NAME = "$(TARGET_NAME)";
				TEST_HOST = "$(BUILT_PRODUCTS_DIR)/Zapp.app/Zapp";
			};
			name = Release;
		};
/* End XCBuildConfiguration section */

/* Begin XCConfigurationList section */
		92F6D86B1A7CA52500DB0163 /* Build configuration list for PBXProject "Zapp" */ = {
			isa = XCConfigurationList;
			buildConfigurations = (
				92F6D8961A7CA52600DB0163 /* Debug */,
				92F6D8971A7CA52600DB0163 /* Release */,
			);
			defaultConfigurationIsVisible = 0;
			defaultConfigurationName = Release;
		};
		92F6D8981A7CA52600DB0163 /* Build configuration list for PBXNativeTarget "Zapp" */ = {
			isa = XCConfigurationList;
			buildConfigurations = (
				92F6D8991A7CA52600DB0163 /* Debug */,
				92F6D89A1A7CA52600DB0163 /* Release */,
			);
			defaultConfigurationIsVisible = 0;
		};
		92F6D89B1A7CA52600DB0163 /* Build configuration list for PBXNativeTarget "ZappTests" */ = {
			isa = XCConfigurationList;
			buildConfigurations = (
				92F6D89C1A7CA52600DB0163 /* Debug */,
				92F6D89D1A7CA52600DB0163 /* Release */,
			);
			defaultConfigurationIsVisible = 0;
		};
/* End XCConfigurationList section */
	};
	rootObject = 92F6D8681A7CA52500DB0163 /* Project object */;
}
